// !$*UTF8*$!
{
	archiveVersion = 1;
	classes = {
	};
	objectVersion = 50;
	objects = {

/* Begin PBXBuildFile section */
		C48617022360E4BC00E183FB /* MapViewController.swift in Sources */ = {isa = PBXBuildFile; fileRef = C48617012360E4BC00E183FB /* MapViewController.swift */; };
		C48617042360E68600E183FB /* MappedRoom.swift in Sources */ = {isa = PBXBuildFile; fileRef = C48617032360E68600E183FB /* MappedRoom.swift */; };
		C486170C2361101300E183FB /* MapView.swift in Sources */ = {isa = PBXBuildFile; fileRef = C486170B2361101300E183FB /* MapView.swift */; };
		C486170E2361193300E183FB /* LandingViewController.swift in Sources */ = {isa = PBXBuildFile; fileRef = C486170D2361193300E183FB /* LandingViewController.swift */; };
		C486171023611E1700E183FB /* GeneratedRooms.json in Resources */ = {isa = PBXBuildFile; fileRef = C486170F23611E1700E183FB /* GeneratedRooms.json */; };
		FA135E9E236212C70023FAA8 /* Popup.swift in Sources */ = {isa = PBXBuildFile; fileRef = FA135E9D236212C70023FAA8 /* Popup.swift */; };
		FA135EA0236214B30023FAA8 /* Extensions.swift in Sources */ = {isa = PBXBuildFile; fileRef = FA135E9F236214B30023FAA8 /* Extensions.swift */; };
		FA63A008235F9BFE00185711 /* AppDelegate.swift in Sources */ = {isa = PBXBuildFile; fileRef = FA63A007235F9BFE00185711 /* AppDelegate.swift */; };
		FA63A00A235F9BFE00185711 /* SceneDelegate.swift in Sources */ = {isa = PBXBuildFile; fileRef = FA63A009235F9BFE00185711 /* SceneDelegate.swift */; };
		FA63A011235F9C1100185711 /* Assets.xcassets in Resources */ = {isa = PBXBuildFile; fileRef = FA63A010235F9C1100185711 /* Assets.xcassets */; };
		FA63A014235F9C1100185711 /* LaunchScreen.storyboard in Resources */ = {isa = PBXBuildFile; fileRef = FA63A012235F9C1100185711 /* LaunchScreen.storyboard */; };
		FA63A01E235F9FAA00185711 /* Registration.storyboard in Resources */ = {isa = PBXBuildFile; fileRef = FA63A01D235F9FAA00185711 /* Registration.storyboard */; };
		FA63A022235F9FF000185711 /* LoginViewController.swift in Sources */ = {isa = PBXBuildFile; fileRef = FA63A021235F9FF000185711 /* LoginViewController.swift */; };
		FA63A026235FA02000185711 /* SignupViewController.swift in Sources */ = {isa = PBXBuildFile; fileRef = FA63A025235FA02000185711 /* SignupViewController.swift */; };
		FA63A02A235FB39200185711 /* TestServerController.swift in Sources */ = {isa = PBXBuildFile; fileRef = FA63A029235FB39200185711 /* TestServerController.swift */; };
		FA63A02C235FB3A700185711 /* User.swift in Sources */ = {isa = PBXBuildFile; fileRef = FA63A02B235FB3A700185711 /* User.swift */; };
		FA63A02E235FB3B300185711 /* Bearer.swift in Sources */ = {isa = PBXBuildFile; fileRef = FA63A02D235FB3B300185711 /* Bearer.swift */; };
		FA63A0322360CD0600185711 /* Player.swift in Sources */ = {isa = PBXBuildFile; fileRef = FA63A0312360CD0600185711 /* Player.swift */; };
		FA63A0342360D28600185711 /* Direction.swift in Sources */ = {isa = PBXBuildFile; fileRef = FA63A0332360D28600185711 /* Direction.swift */; };
		FA63A0362360D39D00185711 /* Room.swift in Sources */ = {isa = PBXBuildFile; fileRef = FA63A0352360D39D00185711 /* Room.swift */; };
		FA63A0382360F3C700185711 /* Main.storyboard in Resources */ = {isa = PBXBuildFile; fileRef = FA63A0372360F3C600185711 /* Main.storyboard */; };
/* End PBXBuildFile section */

/* Begin PBXFileReference section */
		C48617012360E4BC00E183FB /* MapViewController.swift */ = {isa = PBXFileReference; lastKnownFileType = sourcecode.swift; path = MapViewController.swift; sourceTree = "<group>"; };
		C48617032360E68600E183FB /* MappedRoom.swift */ = {isa = PBXFileReference; lastKnownFileType = sourcecode.swift; path = MappedRoom.swift; sourceTree = "<group>"; };
		C486170B2361101300E183FB /* MapView.swift */ = {isa = PBXFileReference; lastKnownFileType = sourcecode.swift; path = MapView.swift; sourceTree = "<group>"; };
		C486170D2361193300E183FB /* LandingViewController.swift */ = {isa = PBXFileReference; lastKnownFileType = sourcecode.swift; path = LandingViewController.swift; sourceTree = "<group>"; };
		C486170F23611E1700E183FB /* GeneratedRooms.json */ = {isa = PBXFileReference; fileEncoding = 4; lastKnownFileType = text.json; path = GeneratedRooms.json; sourceTree = "<group>"; };
		FA135E9D236212C70023FAA8 /* Popup.swift */ = {isa = PBXFileReference; lastKnownFileType = sourcecode.swift; path = Popup.swift; sourceTree = "<group>"; };
		FA135E9F236214B30023FAA8 /* Extensions.swift */ = {isa = PBXFileReference; lastKnownFileType = sourcecode.swift; path = Extensions.swift; sourceTree = "<group>"; };
		FA63A004235F9BFE00185711 /* CS Adventure.app */ = {isa = PBXFileReference; explicitFileType = wrapper.application; includeInIndex = 0; path = "CS Adventure.app"; sourceTree = BUILT_PRODUCTS_DIR; };
		FA63A007235F9BFE00185711 /* AppDelegate.swift */ = {isa = PBXFileReference; lastKnownFileType = sourcecode.swift; path = AppDelegate.swift; sourceTree = "<group>"; };
		FA63A009235F9BFE00185711 /* SceneDelegate.swift */ = {isa = PBXFileReference; lastKnownFileType = sourcecode.swift; path = SceneDelegate.swift; sourceTree = "<group>"; };
		FA63A010235F9C1100185711 /* Assets.xcassets */ = {isa = PBXFileReference; lastKnownFileType = folder.assetcatalog; path = Assets.xcassets; sourceTree = "<group>"; };
		FA63A013235F9C1100185711 /* Base */ = {isa = PBXFileReference; lastKnownFileType = file.storyboard; name = Base; path = Base.lproj/LaunchScreen.storyboard; sourceTree = "<group>"; };
		FA63A015235F9C1100185711 /* Info.plist */ = {isa = PBXFileReference; lastKnownFileType = text.plist.xml; path = Info.plist; sourceTree = "<group>"; };
		FA63A01D235F9FAA00185711 /* Registration.storyboard */ = {isa = PBXFileReference; lastKnownFileType = file.storyboard; path = Registration.storyboard; sourceTree = "<group>"; };
		FA63A021235F9FF000185711 /* LoginViewController.swift */ = {isa = PBXFileReference; lastKnownFileType = sourcecode.swift; path = LoginViewController.swift; sourceTree = "<group>"; };
		FA63A025235FA02000185711 /* SignupViewController.swift */ = {isa = PBXFileReference; lastKnownFileType = sourcecode.swift; path = SignupViewController.swift; sourceTree = "<group>"; };
		FA63A029235FB39200185711 /* TestServerController.swift */ = {isa = PBXFileReference; lastKnownFileType = sourcecode.swift; path = TestServerController.swift; sourceTree = "<group>"; };
		FA63A02B235FB3A700185711 /* User.swift */ = {isa = PBXFileReference; lastKnownFileType = sourcecode.swift; path = User.swift; sourceTree = "<group>"; };
		FA63A02D235FB3B300185711 /* Bearer.swift */ = {isa = PBXFileReference; lastKnownFileType = sourcecode.swift; path = Bearer.swift; sourceTree = "<group>"; };
		FA63A0312360CD0600185711 /* Player.swift */ = {isa = PBXFileReference; lastKnownFileType = sourcecode.swift; path = Player.swift; sourceTree = "<group>"; };
		FA63A0332360D28600185711 /* Direction.swift */ = {isa = PBXFileReference; lastKnownFileType = sourcecode.swift; path = Direction.swift; sourceTree = "<group>"; };
		FA63A0352360D39D00185711 /* Room.swift */ = {isa = PBXFileReference; lastKnownFileType = sourcecode.swift; path = Room.swift; sourceTree = "<group>"; };
		FA63A0372360F3C600185711 /* Main.storyboard */ = {isa = PBXFileReference; fileEncoding = 4; lastKnownFileType = file.storyboard; path = Main.storyboard; sourceTree = "<group>"; };
/* End PBXFileReference section */

/* Begin PBXFrameworksBuildPhase section */
		FA63A001235F9BFE00185711 /* Frameworks */ = {
			isa = PBXFrameworksBuildPhase;
			buildActionMask = 2147483647;
			files = (
			);
			runOnlyForDeploymentPostprocessing = 0;
		};
/* End PBXFrameworksBuildPhase section */

/* Begin PBXGroup section */
		FA135E9C236212BA0023FAA8 /* Views */ = {
			isa = PBXGroup;
			children = (
				FA135E9D236212C70023FAA8 /* Popup.swift */,
			);
			path = Views;
			sourceTree = "<group>";
		};
		FA639FFB235F9BFE00185711 = {
			isa = PBXGroup;
			children = (
				FA63A006235F9BFE00185711 /* CS Adventure */,
				FA63A005235F9BFE00185711 /* Products */,
			);
			sourceTree = "<group>";
		};
		FA63A005235F9BFE00185711 /* Products */ = {
			isa = PBXGroup;
			children = (
				FA63A004235F9BFE00185711 /* CS Adventure.app */,
			);
			name = Products;
			sourceTree = "<group>";
		};
		FA63A006235F9BFE00185711 /* CS Adventure */ = {
			isa = PBXGroup;
			children = (
				FA63A007235F9BFE00185711 /* AppDelegate.swift */,
				FA63A009235F9BFE00185711 /* SceneDelegate.swift */,
				FA135E9F236214B30023FAA8 /* Extensions.swift */,
				C486170F23611E1700E183FB /* GeneratedRooms.json */,
				FA135E9C236212BA0023FAA8 /* Views */,
				FA63A030235FB40000185711 /* Network Managers */,
				FA63A02F235FB3E700185711 /* Models */,
				FA63A020235F9FDB00185711 /* View Controllers */,
				FA63A01F235F9FC600185711 /* Storyboard */,
				FA63A010235F9C1100185711 /* Assets.xcassets */,
				FA63A015235F9C1100185711 /* Info.plist */,
			);
			path = "CS Adventure";
			sourceTree = "<group>";
		};
		FA63A01F235F9FC600185711 /* Storyboard */ = {
			isa = PBXGroup;
			children = (
				FA63A0372360F3C600185711 /* Main.storyboard */,
				FA63A01D235F9FAA00185711 /* Registration.storyboard */,
				FA63A012235F9C1100185711 /* LaunchScreen.storyboard */,
			);
			path = Storyboard;
			sourceTree = "<group>";
		};
		FA63A020235F9FDB00185711 /* View Controllers */ = {
			isa = PBXGroup;
			children = (
				FA63A021235F9FF000185711 /* LoginViewController.swift */,
				C48617012360E4BC00E183FB /* MapViewController.swift */,
				C486170D2361193300E183FB /* LandingViewController.swift */,
				C486170B2361101300E183FB /* MapView.swift */,
				FA63A025235FA02000185711 /* SignupViewController.swift */,
			);
			path = "View Controllers";
			sourceTree = "<group>";
		};
		FA63A02F235FB3E700185711 /* Models */ = {
			isa = PBXGroup;
			children = (
				FA63A02B235FB3A700185711 /* User.swift */,
				FA63A0312360CD0600185711 /* Player.swift */,
				FA63A0352360D39D00185711 /* Room.swift */,
				FA63A0332360D28600185711 /* Direction.swift */,
				FA63A02D235FB3B300185711 /* Bearer.swift */,
				C48617032360E68600E183FB /* MappedRoom.swift */,
			);
			path = Models;
			sourceTree = "<group>";
		};
		FA63A030235FB40000185711 /* Network Managers */ = {
			isa = PBXGroup;
			children = (
				FA63A029235FB39200185711 /* TestServerController.swift */,
			);
			path = "Network Managers";
			sourceTree = "<group>";
		};
/* End PBXGroup section */

/* Begin PBXNativeTarget section */
		FA63A003235F9BFE00185711 /* CS Adventure */ = {
			isa = PBXNativeTarget;
			buildConfigurationList = FA63A018235F9C1100185711 /* Build configuration list for PBXNativeTarget "CS Adventure" */;
			buildPhases = (
				FA63A000235F9BFE00185711 /* Sources */,
				FA63A001235F9BFE00185711 /* Frameworks */,
				FA63A002235F9BFE00185711 /* Resources */,
			);
			buildRules = (
			);
			dependencies = (
			);
			name = "CS Adventure";
			productName = "CS Adventure";
			productReference = FA63A004235F9BFE00185711 /* CS Adventure.app */;
			productType = "com.apple.product-type.application";
		};
/* End PBXNativeTarget section */

/* Begin PBXProject section */
		FA639FFC235F9BFE00185711 /* Project object */ = {
			isa = PBXProject;
			attributes = {
				LastSwiftUpdateCheck = 1110;
				LastUpgradeCheck = 1110;
				ORGANIZATIONNAME = Alex;
				TargetAttributes = {
					FA63A003235F9BFE00185711 = {
						CreatedOnToolsVersion = 11.1;
					};
				};
			};
			buildConfigurationList = FA639FFF235F9BFE00185711 /* Build configuration list for PBXProject "CS Adventure" */;
			compatibilityVersion = "Xcode 9.3";
			developmentRegion = en;
			hasScannedForEncodings = 0;
			knownRegions = (
				en,
				Base,
			);
			mainGroup = FA639FFB235F9BFE00185711;
			productRefGroup = FA63A005235F9BFE00185711 /* Products */;
			projectDirPath = "";
			projectRoot = "";
			targets = (
				FA63A003235F9BFE00185711 /* CS Adventure */,
			);
		};
/* End PBXProject section */

/* Begin PBXResourcesBuildPhase section */
		FA63A002235F9BFE00185711 /* Resources */ = {
			isa = PBXResourcesBuildPhase;
			buildActionMask = 2147483647;
			files = (
				FA63A014235F9C1100185711 /* LaunchScreen.storyboard in Resources */,
				FA63A01E235F9FAA00185711 /* Registration.storyboard in Resources */,
				FA63A011235F9C1100185711 /* Assets.xcassets in Resources */,
				C486171023611E1700E183FB /* GeneratedRooms.json in Resources */,
				FA63A0382360F3C700185711 /* Main.storyboard in Resources */,
			);
			runOnlyForDeploymentPostprocessing = 0;
		};
/* End PBXResourcesBuildPhase section */

/* Begin PBXSourcesBuildPhase section */
		FA63A000235F9BFE00185711 /* Sources */ = {
			isa = PBXSourcesBuildPhase;
			buildActionMask = 2147483647;
			files = (
				FA63A02A235FB39200185711 /* TestServerController.swift in Sources */,
				C48617042360E68600E183FB /* MappedRoom.swift in Sources */,
				FA63A022235F9FF000185711 /* LoginViewController.swift in Sources */,
				FA63A02C235FB3A700185711 /* User.swift in Sources */,
				FA63A02E235FB3B300185711 /* Bearer.swift in Sources */,
				FA63A0362360D39D00185711 /* Room.swift in Sources */,
				FA63A0322360CD0600185711 /* Player.swift in Sources */,
				C486170C2361101300E183FB /* MapView.swift in Sources */,
				C486170E2361193300E183FB /* LandingViewController.swift in Sources */,
				C48617022360E4BC00E183FB /* MapViewController.swift in Sources */,
				FA63A008235F9BFE00185711 /* AppDelegate.swift in Sources */,
				FA135EA0236214B30023FAA8 /* Extensions.swift in Sources */,
				FA63A026235FA02000185711 /* SignupViewController.swift in Sources */,
				FA135E9E236212C70023FAA8 /* Popup.swift in Sources */,
				FA63A00A235F9BFE00185711 /* SceneDelegate.swift in Sources */,
				FA63A0342360D28600185711 /* Direction.swift in Sources */,
			);
			runOnlyForDeploymentPostprocessing = 0;
		};
/* End PBXSourcesBuildPhase section */

/* Begin PBXVariantGroup section */
		FA63A012235F9C1100185711 /* LaunchScreen.storyboard */ = {
			isa = PBXVariantGroup;
			children = (
				FA63A013235F9C1100185711 /* Base */,
			);
			name = LaunchScreen.storyboard;
			sourceTree = "<group>";
		};
/* End PBXVariantGroup section */

/* Begin XCBuildConfiguration section */
		FA63A016235F9C1100185711 /* Debug */ = {
			isa = XCBuildConfiguration;
			buildSettings = {
				ALWAYS_SEARCH_USER_PATHS = NO;
				CLANG_ANALYZER_NONNULL = YES;
				CLANG_ANALYZER_NUMBER_OBJECT_CONVERSION = YES_AGGRESSIVE;
				CLANG_CXX_LANGUAGE_STANDARD = "gnu++14";
				CLANG_CXX_LIBRARY = "libc++";
				CLANG_ENABLE_MODULES = YES;
				CLANG_ENABLE_OBJC_ARC = YES;
				CLANG_ENABLE_OBJC_WEAK = YES;
				CLANG_WARN_BLOCK_CAPTURE_AUTORELEASING = YES;
				CLANG_WARN_BOOL_CONVERSION = YES;
				CLANG_WARN_COMMA = YES;
				CLANG_WARN_CONSTANT_CONVERSION = YES;
				CLANG_WARN_DEPRECATED_OBJC_IMPLEMENTATIONS = YES;
				CLANG_WARN_DIRECT_OBJC_ISA_USAGE = YES_ERROR;
				CLANG_WARN_DOCUMENTATION_COMMENTS = YES;
				CLANG_WARN_EMPTY_BODY = YES;
				CLANG_WARN_ENUM_CONVERSION = YES;
				CLANG_WARN_INFINITE_RECURSION = YES;
				CLANG_WARN_INT_CONVERSION = YES;
				CLANG_WARN_NON_LITERAL_NULL_CONVERSION = YES;
				CLANG_WARN_OBJC_IMPLICIT_RETAIN_SELF = YES;
				CLANG_WARN_OBJC_LITERAL_CONVERSION = YES;
				CLANG_WARN_OBJC_ROOT_CLASS = YES_ERROR;
				CLANG_WARN_RANGE_LOOP_ANALYSIS = YES;
				CLANG_WARN_STRICT_PROTOTYPES = YES;
				CLANG_WARN_SUSPICIOUS_MOVE = YES;
				CLANG_WARN_UNGUARDED_AVAILABILITY = YES_AGGRESSIVE;
				CLANG_WARN_UNREACHABLE_CODE = YES;
				CLANG_WARN__DUPLICATE_METHOD_MATCH = YES;
				COPY_PHASE_STRIP = NO;
				DEBUG_INFORMATION_FORMAT = dwarf;
				ENABLE_STRICT_OBJC_MSGSEND = YES;
				ENABLE_TESTABILITY = YES;
				GCC_C_LANGUAGE_STANDARD = gnu11;
				GCC_DYNAMIC_NO_PIC = NO;
				GCC_NO_COMMON_BLOCKS = YES;
				GCC_OPTIMIZATION_LEVEL = 0;
				GCC_PREPROCESSOR_DEFINITIONS = (
					"DEBUG=1",
					"$(inherited)",
				);
				GCC_WARN_64_TO_32_BIT_CONVERSION = YES;
				GCC_WARN_ABOUT_RETURN_TYPE = YES_ERROR;
				GCC_WARN_UNDECLARED_SELECTOR = YES;
				GCC_WARN_UNINITIALIZED_AUTOS = YES_AGGRESSIVE;
				GCC_WARN_UNUSED_FUNCTION = YES;
				GCC_WARN_UNUSED_VARIABLE = YES;
				IPHONEOS_DEPLOYMENT_TARGET = 13.1;
				MTL_ENABLE_DEBUG_INFO = INCLUDE_SOURCE;
				MTL_FAST_MATH = YES;
				ONLY_ACTIVE_ARCH = YES;
				SDKROOT = iphoneos;
				SWIFT_ACTIVE_COMPILATION_CONDITIONS = DEBUG;
				SWIFT_OPTIMIZATION_LEVEL = "-Onone";
			};
			name = Debug;
		};
		FA63A017235F9C1100185711 /* Release */ = {
			isa = XCBuildConfiguration;
			buildSettings = {
				ALWAYS_SEARCH_USER_PATHS = NO;
				CLANG_ANALYZER_NONNULL = YES;
				CLANG_ANALYZER_NUMBER_OBJECT_CONVERSION = YES_AGGRESSIVE;
				CLANG_CXX_LANGUAGE_STANDARD = "gnu++14";
				CLANG_CXX_LIBRARY = "libc++";
				CLANG_ENABLE_MODULES = YES;
				CLANG_ENABLE_OBJC_ARC = YES;
				CLANG_ENABLE_OBJC_WEAK = YES;
				CLANG_WARN_BLOCK_CAPTURE_AUTORELEASING = YES;
				CLANG_WARN_BOOL_CONVERSION = YES;
				CLANG_WARN_COMMA = YES;
				CLANG_WARN_CONSTANT_CONVERSION = YES;
				CLANG_WARN_DEPRECATED_OBJC_IMPLEMENTATIONS = YES;
				CLANG_WARN_DIRECT_OBJC_ISA_USAGE = YES_ERROR;
				CLANG_WARN_DOCUMENTATION_COMMENTS = YES;
				CLANG_WARN_EMPTY_BODY = YES;
				CLANG_WARN_ENUM_CONVERSION = YES;
				CLANG_WARN_INFINITE_RECURSION = YES;
				CLANG_WARN_INT_CONVERSION = YES;
				CLANG_WARN_NON_LITERAL_NULL_CONVERSION = YES;
				CLANG_WARN_OBJC_IMPLICIT_RETAIN_SELF = YES;
				CLANG_WARN_OBJC_LITERAL_CONVERSION = YES;
				CLANG_WARN_OBJC_ROOT_CLASS = YES_ERROR;
				CLANG_WARN_RANGE_LOOP_ANALYSIS = YES;
				CLANG_WARN_STRICT_PROTOTYPES = YES;
				CLANG_WARN_SUSPICIOUS_MOVE = YES;
				CLANG_WARN_UNGUARDED_AVAILABILITY = YES_AGGRESSIVE;
				CLANG_WARN_UNREACHABLE_CODE = YES;
				CLANG_WARN__DUPLICATE_METHOD_MATCH = YES;
				COPY_PHASE_STRIP = NO;
				DEBUG_INFORMATION_FORMAT = "dwarf-with-dsym";
				ENABLE_NS_ASSERTIONS = NO;
				ENABLE_STRICT_OBJC_MSGSEND = YES;
				GCC_C_LANGUAGE_STANDARD = gnu11;
				GCC_NO_COMMON_BLOCKS = YES;
				GCC_WARN_64_TO_32_BIT_CONVERSION = YES;
				GCC_WARN_ABOUT_RETURN_TYPE = YES_ERROR;
				GCC_WARN_UNDECLARED_SELECTOR = YES;
				GCC_WARN_UNINITIALIZED_AUTOS = YES_AGGRESSIVE;
				GCC_WARN_UNUSED_FUNCTION = YES;
				GCC_WARN_UNUSED_VARIABLE = YES;
				IPHONEOS_DEPLOYMENT_TARGET = 13.1;
				MTL_ENABLE_DEBUG_INFO = NO;
				MTL_FAST_MATH = YES;
				SDKROOT = iphoneos;
				SWIFT_COMPILATION_MODE = wholemodule;
				SWIFT_OPTIMIZATION_LEVEL = "-O";
				VALIDATE_PRODUCT = YES;
			};
			name = Release;
		};
		FA63A019235F9C1100185711 /* Debug */ = {
			isa = XCBuildConfiguration;
			buildSettings = {
				ASSETCATALOG_COMPILER_APPICON_NAME = AppIcon;
				CODE_SIGN_STYLE = Automatic;
				DEVELOPMENT_TEAM = HQP2ZWNS2F;
				INFOPLIST_FILE = "CS Adventure/Info.plist";
				LD_RUNPATH_SEARCH_PATHS = (
					"$(inherited)",
					"@executable_path/Frameworks",
				);
				PRODUCT_BUNDLE_IDENTIFIER = "com.weekend.CS-Adventure";
				PRODUCT_NAME = "$(TARGET_NAME)";
				SWIFT_VERSION = 5.0;
				TARGETED_DEVICE_FAMILY = "1,2";
			};
			name = Debug;
		};
		FA63A01A235F9C1100185711 /* Release */ = {
			isa = XCBuildConfiguration;
			buildSettings = {
				ASSETCATALOG_COMPILER_APPICON_NAME = AppIcon;
				CODE_SIGN_STYLE = Automatic;
				DEVELOPMENT_TEAM = HQP2ZWNS2F;
				INFOPLIST_FILE = "CS Adventure/Info.plist";
				LD_RUNPATH_SEARCH_PATHS = (
					"$(inherited)",
					"@executable_path/Frameworks",
				);
				PRODUCT_BUNDLE_IDENTIFIER = "com.weekend.CS-Adventure";
				PRODUCT_NAME = "$(TARGET_NAME)";
				SWIFT_VERSION = 5.0;
				TARGETED_DEVICE_FAMILY = "1,2";
			};
			name = Release;
		};
/* End XCBuildConfiguration section */

/* Begin XCConfigurationList section */
		FA639FFF235F9BFE00185711 /* Build configuration list for PBXProject "CS Adventure" */ = {
			isa = XCConfigurationList;
			buildConfigurations = (
				FA63A016235F9C1100185711 /* Debug */,
				FA63A017235F9C1100185711 /* Release */,
			);
			defaultConfigurationIsVisible = 0;
			defaultConfigurationName = Release;
		};
		FA63A018235F9C1100185711 /* Build configuration list for PBXNativeTarget "CS Adventure" */ = {
			isa = XCConfigurationList;
			buildConfigurations = (
				FA63A019235F9C1100185711 /* Debug */,
				FA63A01A235F9C1100185711 /* Release */,
			);
			defaultConfigurationIsVisible = 0;
			defaultConfigurationName = Release;
		};
/* End XCConfigurationList section */
	};
	rootObject = FA639FFC235F9BFE00185711 /* Project object */;
}
